
Microsoft Visual Studio Solution File, Format Version 12.00
# Visual Studio Version 17
VisualStudioVersion = 17.1.32210.238
MinimumVisualStudioVersion = 10.0.40219.1
Project("{FAE04EC0-301F-11D3-BF4B-00C04F79EFBC}") = "Api", "Api\Api.csproj", "{1B845BA7-3280-4EDB-A129-1B3C38D41DAF}"
EndProject
Project("{FAE04EC0-301F-11D3-BF4B-00C04F79EFBC}") = "DataAccess", "DataAccess\DataAccess.csproj", "{306E0E0E-8A8E-440D-BA31-A3FF31D43172}"
EndProject
Project("{FAE04EC0-301F-11D3-BF4B-00C04F79EFBC}") = "Contracts", "Contracts\Contracts.csproj", "{64A7BBBE-CD55-4E36-87DB-D60059C989B4}"
EndProject
Project("{2150E333-8FDC-42A3-9474-1A3956D46DE8}") = "Tests", "Tests", "{A79E3192-20B1-4586-9D9F-0187EA76A7F7}"
EndProject
Project("{FAE04EC0-301F-11D3-BF4B-00C04F79EFBC}") = "Api.Tests", "Api.Tests\Api.Tests.csproj", "{B320B390-5870-46C7-AF22-7C3C36610DEF}"
EndProject
Global
	GlobalSection(SolutionConfigurationPlatforms) = preSolution
		Debug|Any CPU = Debug|Any CPU
		Release|Any CPU = Release|Any CPU
	EndGlobalSection
	GlobalSection(ProjectConfigurationPlatforms) = postSolution
		{1B845BA7-3280-4EDB-A129-1B3C38D41DAF}.Debug|Any CPU.ActiveCfg = Debug|Any CPU
		{1B845BA7-3280-4EDB-A129-1B3C38D41DAF}.Debug|Any CPU.Build.0 = Debug|Any CPU
		{1B845BA7-3280-4EDB-A129-1B3C38D41DAF}.Release|Any CPU.ActiveCfg = Release|Any CPU
		{1B845BA7-3280-4EDB-A129-1B3C38D41DAF}.Release|Any CPU.Build.0 = Release|Any CPU
		{306E0E0E-8A8E-440D-BA31-A3FF31D43172}.Debug|Any CPU.ActiveCfg = Debug|Any CPU
		{306E0E0E-8A8E-440D-BA31-A3FF31D43172}.Debug|Any CPU.Build.0 = Debug|Any CPU
		{306E0E0E-8A8E-440D-BA31-A3FF31D43172}.Release|Any CPU.ActiveCfg = Release|Any CPU
		{306E0E0E-8A8E-440D-BA31-A3FF31D43172}.Release|Any CPU.Build.0 = Release|Any CPU
		{64A7BBBE-CD55-4E36-87DB-D60059C989B4}.Debug|Any CPU.ActiveCfg = Debug|Any CPU
		{64A7BBBE-CD55-4E36-87DB-D60059C989B4}.Debug|Any CPU.Build.0 = Debug|Any CPU
		{64A7BBBE-CD55-4E36-87DB-D60059C989B4}.Release|Any CPU.ActiveCfg = Release|Any CPU
		{64A7BBBE-CD55-4E36-87DB-D60059C989B4}.Release|Any CPU.Build.0 = Release|Any CPU
		{B320B390-5870-46C7-AF22-7C3C36610DEF}.Debug|Any CPU.ActiveCfg = Debug|Any CPU
		{B320B390-5870-46C7-AF22-7C3C36610DEF}.Debug|Any CPU.Build.0 = Debug|Any CPU
		{B320B390-5870-46C7-AF22-7C3C36610DEF}.Release|Any CPU.ActiveCfg = Release|Any CPU
		{B320B390-5870-46C7-AF22-7C3C36610DEF}.Release|Any CPU.Build.0 = Release|Any CPU
	EndGlobalSection
	GlobalSection(SolutionProperties) = preSolution
		HideSolutionNode = FALSE
	EndGlobalSection
	GlobalSection(ExtensibilityGlobals) = postSolution
		SolutionGuid = {EE42D433-CF52-41FD-B1DC-792C564C3390}
	EndGlobalSection
	GlobalSection(NestedProjects) = preSolution
		{B320B390-5870-46C7-AF22-7C3C36610DEF} = {A79E3192-20B1-4586-9D9F-0187EA76A7F7}
	EndGlobalSection
EndGlobal
